
Microsoft Visual Studio Solution File, Format Version 12.00
# Visual Studio 2013
VisualStudioVersion = 12.0.31101.0
MinimumVisualStudioVersion = 10.0.40219.1
Project("{FAE04EC0-301F-11D3-BF4B-00C04F79EFBC}") = "DataClean", "DataCleaner\DataClean.csproj", "{0E725976-76C4-4C29-AA8A-28D020C0F2BF}"
EndProject
Project("{FAE04EC0-301F-11D3-BF4B-00C04F79EFBC}") = "DataCleanConsole", "DataCleanerConsoleApplication\DataCleanConsole.csproj", "{3B9939BA-5FD8-44E5-A5A5-AD0A66C76E86}"
EndProject
Project("{FAE04EC0-301F-11D3-BF4B-00C04F79EFBC}") = "DataCleanUI", "DataCleanerUI\DataCleanUI.csproj", "{9DDE01D6-08C5-419E-A0D4-644B62496774}"
EndProject
Global
	GlobalSection(SolutionConfigurationPlatforms) = preSolution
		Debug|Any CPU = Debug|Any CPU
		Release|Any CPU = Release|Any CPU
	EndGlobalSection
	GlobalSection(ProjectConfigurationPlatforms) = postSolution
		{0E725976-76C4-4C29-AA8A-28D020C0F2BF}.Debug|Any CPU.ActiveCfg = Debug|Any CPU
		{0E725976-76C4-4C29-AA8A-28D020C0F2BF}.Debug|Any CPU.Build.0 = Debug|Any CPU
		{0E725976-76C4-4C29-AA8A-28D020C0F2BF}.Release|Any CPU.ActiveCfg = Release|Any CPU
		{0E725976-76C4-4C29-AA8A-28D020C0F2BF}.Release|Any CPU.Build.0 = Release|Any CPU
		{3B9939BA-5FD8-44E5-A5A5-AD0A66C76E86}.Debug|Any CPU.ActiveCfg = Debug|Any CPU
		{3B9939BA-5FD8-44E5-A5A5-AD0A66C76E86}.Debug|Any CPU.Build.0 = Debug|Any CPU
		{3B9939BA-5FD8-44E5-A5A5-AD0A66C76E86}.Release|Any CPU.ActiveCfg = Release|Any CPU
		{3B9939BA-5FD8-44E5-A5A5-AD0A66C76E86}.Release|Any CPU.Build.0 = Release|Any CPU
		{9DDE01D6-08C5-419E-A0D4-644B62496774}.Debug|Any CPU.ActiveCfg = Debug|Any CPU
		{9DDE01D6-08C5-419E-A0D4-644B62496774}.Debug|Any CPU.Build.0 = Debug|Any CPU
		{9DDE01D6-08C5-419E-A0D4-644B62496774}.Release|Any CPU.ActiveCfg = Release|Any CPU
		{9DDE01D6-08C5-419E-A0D4-644B62496774}.Release|Any CPU.Build.0 = Release|Any CPU
	EndGlobalSection
	GlobalSection(SolutionProperties) = preSolution
		HideSolutionNode = FALSE
	EndGlobalSection
EndGlobal
